{
  "name": "muimi",
  "version": "0.1.0",
  "lockfileVersion": 3,
  "requires": true,
  "packages": {
    "": {
      "name": "muimi",
      "version": "0.1.0",
      "dependencies": {
        "@w3t-ab/sqeave": "file:packages/@w3t-ab/sqeave",
        "squint-cljs": "file:packages/squint-cljs"
      }
    },
    "node_modules/@w3t-ab/sqeave": {
      "resolved": "packages/@w3t-ab/sqeave",
      "link": true
    },
    "node_modules/squint-cljs": {
      "resolved": "packages/squint-cljs",
      "link": true
    },
    "packages/@w3t-ab/sqeave": {
      "version": "0.0.1"
    },
    "packages/squint-cljs": {
      "version": "0.0.1",
      "bin": {
        "squint": "bin/squint"
      }
    }
  }
}
